
Microsoft Visual Studio Solution File, Format Version 12.00
# Visual Studio 15
VisualStudioVersion = 15.0.27703.2000
MinimumVisualStudioVersion = 10.0.40219.1
Project("{8BC9CEB8-8B4A-11D0-8D11-00A0C91BC942}") = "MinEngine", "MinEngine\MinEngine.vcxproj", "{8AABEDA2-3596-4607-B3F1-8B99CEB52276}"
EndProject
Global
	GlobalSection(SolutionConfigurationPlatforms) = preSolution
		Debug|x64 = Debug|x64
		Debug|x86 = Debug|x86
		Release|x64 = Release|x64
		Release|x86 = Release|x86
	EndGlobalSection
	GlobalSection(ProjectConfigurationPlatforms) = postSolution
		{8AABEDA2-3596-4607-B3F1-8B99CEB52276}.Debug|x64.ActiveCfg = Debug|x64
		{8AABEDA2-3596-4607-B3F1-8B99CEB52276}.Debug|x64.Build.0 = Debug|x64
		{8AABEDA2-3596-4607-B3F1-8B99CEB52276}.Debug|x86.ActiveCfg = Debug|Win32
		{8AABEDA2-3596-4607-B3F1-8B99CEB52276}.Debug|x86.Build.0 = Debug|Win32
		{8AABEDA2-3596-4607-B3F1-8B99CEB52276}.Release|x64.ActiveCfg = Release|x64
		{8AABEDA2-3596-4607-B3F1-8B99CEB52276}.Release|x64.Build.0 = Release|x64
		{8AABEDA2-3596-4607-B3F1-8B99CEB52276}.Release|x86.ActiveCfg = Release|Win32
		{8AABEDA2-3596-4607-B3F1-8B99CEB52276}.Release|x86.Build.0 = Release|Win32
	EndGlobalSection
	GlobalSection(SolutionProperties) = preSolution
		HideSolutionNode = FALSE
	EndGlobalSection
	GlobalSection(ExtensibilityGlobals) = postSolution
		SolutionGuid = {E0772725-3597-46D0-8CE5-021EFE2025FA}
	EndGlobalSection
EndGlobal
